
Microsoft Visual Studio Solution File, Format Version 12.00
# Visual Studio Version 17
Project("{8BC9CEB8-8B4A-11D0-8D11-00A0C91BC942}") = "Mrbl", "Mrbl\Mrbl.vcxproj", "{B23A897C-9E71-8A0D-475E-70103374060F}"
EndProject
Project("{8BC9CEB8-8B4A-11D0-8D11-00A0C91BC942}") = "Tribalion", "Tribalion\Tribalion.vcxproj", "{293397DE-959D-4B55-DEDB-FCFA4A8529AA}"
EndProject
Global
	GlobalSection(SolutionConfigurationPlatforms) = preSolution
		Debug|x64 = Debug|x64
		Dist|x64 = Dist|x64
		Release|x64 = Release|x64
	EndGlobalSection
	GlobalSection(ProjectConfigurationPlatforms) = postSolution
		{B23A897C-9E71-8A0D-475E-70103374060F}.Debug|x64.ActiveCfg = Debug|x64
		{B23A897C-9E71-8A0D-475E-70103374060F}.Debug|x64.Build.0 = Debug|x64
		{B23A897C-9E71-8A0D-475E-70103374060F}.Dist|x64.ActiveCfg = Dist|x64
		{B23A897C-9E71-8A0D-475E-70103374060F}.Dist|x64.Build.0 = Dist|x64
		{B23A897C-9E71-8A0D-475E-70103374060F}.Release|x64.ActiveCfg = Release|x64
		{B23A897C-9E71-8A0D-475E-70103374060F}.Release|x64.Build.0 = Release|x64
		{293397DE-959D-4B55-DEDB-FCFA4A8529AA}.Debug|x64.ActiveCfg = Debug|x64
		{293397DE-959D-4B55-DEDB-FCFA4A8529AA}.Debug|x64.Build.0 = Debug|x64
		{293397DE-959D-4B55-DEDB-FCFA4A8529AA}.Dist|x64.ActiveCfg = Dist|x64
		{293397DE-959D-4B55-DEDB-FCFA4A8529AA}.Dist|x64.Build.0 = Dist|x64
		{293397DE-959D-4B55-DEDB-FCFA4A8529AA}.Release|x64.ActiveCfg = Release|x64
		{293397DE-959D-4B55-DEDB-FCFA4A8529AA}.Release|x64.Build.0 = Release|x64
	EndGlobalSection
	GlobalSection(SolutionProperties) = preSolution
		HideSolutionNode = FALSE
	EndGlobalSection
EndGlobal
