<?xml version="1.0" encoding="utf-8"?>
<Project ToolsVersion="4.0" xmlns="http://schemas.microsoft.com/developer/msbuild/2003">
  <ItemGroup>
    <Filter Include="Mrbl">
      <UniqueIdentifier>{B23A897C-9E71-8A0D-475E-70103374060F}</UniqueIdentifier>
    </Filter>
  </ItemGroup>
  <ItemGroup>
    <ClInclude Include="src\Mrbl.h" />
    <ClInclude Include="src\Mrbl\Application.h">
      <Filter>Mrbl</Filter>
    </ClInclude>
    <ClInclude Include="src\Mrbl\Core.h">
      <Filter>Mrbl</Filter>
    </ClInclude>
    <ClInclude Include="src\Mrbl\EntryPoint.h">
      <Filter>Mrbl</Filter>
    </ClInclude>
    <ClInclude Include="src\Mrbl\Log.h">
      <Filter>Mrbl</Filter>
    </ClInclude>
  </ItemGroup>
  <ItemGroup>
    <ClCompile Include="src\Mrbl\Application.cpp">
      <Filter>Mrbl</Filter>
    </ClCompile>
    <ClCompile Include="src\Mrbl\Log.cpp">
      <Filter>Mrbl</Filter>
    </ClCompile>
  </ItemGroup>
</Project>