<?xml version="1.0" encoding="utf-8"?>
<Project ToolsVersion="4.0" xmlns="http://schemas.microsoft.com/developer/msbuild/2003">
  <ItemGroup>
    <Filter Include="Mrbl">
      <UniqueIdentifier>{B23A897C-9E71-8A0D-475E-70103374060F}</UniqueIdentifier>
    </Filter>
    <Filter Include="Mrbl\Events">
      <UniqueIdentifier>{56AADFE3-C25F-58D9-4B54-52B0B7084FDD}</UniqueIdentifier>
    </Filter>
  </ItemGroup>
  <ItemGroup>
    <ClInclude Include="src\Mrbl.h" />
    <ClInclude Include="src\Mrbl\Application.h">
      <Filter>Mrbl</Filter>
    </ClInclude>
    <ClInclude Include="src\Mrbl\Core.h">
      <Filter>Mrbl</Filter>
    </ClInclude>
    <ClInclude Include="src\Mrbl\EntryPoint.h">
      <Filter>Mrbl</Filter>
    </ClInclude>
    <ClInclude Include="src\Mrbl\Events\ApplicationEvent.h">
      <Filter>Mrbl\Events</Filter>
    </ClInclude>
    <ClInclude Include="src\Mrbl\Events\Event.h">
      <Filter>Mrbl\Events</Filter>
    </ClInclude>
    <ClInclude Include="src\Mrbl\Events\KeyEvent.h">
      <Filter>Mrbl\Events</Filter>
    </ClInclude>
    <ClInclude Include="src\Mrbl\Events\MouseEvent.h">
      <Filter>Mrbl\Events</Filter>
    </ClInclude>
    <ClInclude Include="src\Mrbl\Log.h">
      <Filter>Mrbl</Filter>
    </ClInclude>
    <ClInclude Include="src\mrblpch.h" />
  </ItemGroup>
  <ItemGroup>
    <ClCompile Include="src\Mrbl\Application.cpp">
      <Filter>Mrbl</Filter>
    </ClCompile>
    <ClCompile Include="src\Mrbl\Log.cpp">
      <Filter>Mrbl</Filter>
    </ClCompile>
    <ClCompile Include="src\mrblpch.cpp" />
  </ItemGroup>
</Project>